
Microsoft Visual Studio Solution File, Format Version 12.00
# Visual Studio Version 16
VisualStudioVersion = 16.0.32428.217
MinimumVisualStudioVersion = 10.0.40219.1
Project("{FAE04EC0-301F-11D3-BF4B-00C04F79EFBC}") = "dbms project", "dbms project\dbms project.csproj", "{BFEE4AEC-E2D5-4CDA-862F-97A3AE42A34A}"
EndProject
Global
	GlobalSection(SolutionConfigurationPlatforms) = preSolution
		Debug|Any CPU = Debug|Any CPU
		Release|Any CPU = Release|Any CPU
	EndGlobalSection
	GlobalSection(ProjectConfigurationPlatforms) = postSolution
		{BFEE4AEC-E2D5-4CDA-862F-97A3AE42A34A}.Debug|Any CPU.ActiveCfg = Debug|Any CPU
		{BFEE4AEC-E2D5-4CDA-862F-97A3AE42A34A}.Debug|Any CPU.Build.0 = Debug|Any CPU
		{BFEE4AEC-E2D5-4CDA-862F-97A3AE42A34A}.Release|Any CPU.ActiveCfg = Release|Any CPU
		{BFEE4AEC-E2D5-4CDA-862F-97A3AE42A34A}.Release|Any CPU.Build.0 = Release|Any CPU
	EndGlobalSection
	GlobalSection(SolutionProperties) = preSolution
		HideSolutionNode = FALSE
	EndGlobalSection
	GlobalSection(ExtensibilityGlobals) = postSolution
		SolutionGuid = {52C516AD-DE77-441F-9658-E8BA072C0BC4}
	EndGlobalSection
EndGlobal
